
Microsoft Visual Studio Solution File, Format Version 12.00
# Visual Studio Version 16
VisualStudioVersion = 16.0.31205.134
MinimumVisualStudioVersion = 10.0.40219.1
Project("{FAE04EC0-301F-11D3-BF4B-00C04F79EFBC}") = "MVCDemoApp", "MVCDemoApp\MVCDemoApp.csproj", "{E8F3372A-3CD7-414C-8717-A7CA4554A759}"
EndProject
Global
	GlobalSection(SolutionConfigurationPlatforms) = preSolution
		Debug|Any CPU = Debug|Any CPU
		Release|Any CPU = Release|Any CPU
	EndGlobalSection
	GlobalSection(ProjectConfigurationPlatforms) = postSolution
		{E8F3372A-3CD7-414C-8717-A7CA4554A759}.Debug|Any CPU.ActiveCfg = Debug|Any CPU
		{E8F3372A-3CD7-414C-8717-A7CA4554A759}.Debug|Any CPU.Build.0 = Debug|Any CPU
		{E8F3372A-3CD7-414C-8717-A7CA4554A759}.Release|Any CPU.ActiveCfg = Release|Any CPU
		{E8F3372A-3CD7-414C-8717-A7CA4554A759}.Release|Any CPU.Build.0 = Release|Any CPU
	EndGlobalSection
	GlobalSection(SolutionProperties) = preSolution
		HideSolutionNode = FALSE
	EndGlobalSection
	GlobalSection(ExtensibilityGlobals) = postSolution
		SolutionGuid = {E9CDC11B-EA8B-4C04-9D7B-AEDF97232C95}
	EndGlobalSection
EndGlobal
